// !$*UTF8*$!
{
	archiveVersion = 1;
	classes = {
	};
	objectVersion = 55;
	objects = {

/* Begin PBXBuildFile section */
		811CEE102ABEBD8400A0C1FB /* myExpensesApp.swift in Sources */ = {isa = PBXBuildFile; fileRef = 811CEE0F2ABEBD8400A0C1FB /* myExpensesApp.swift */; };
		811CEE122ABEBD8400A0C1FB /* ContentView.swift in Sources */ = {isa = PBXBuildFile; fileRef = 811CEE112ABEBD8400A0C1FB /* ContentView.swift */; };
		811CEE142ABEBD8700A0C1FB /* Assets.xcassets in Resources */ = {isa = PBXBuildFile; fileRef = 811CEE132ABEBD8700A0C1FB /* Assets.xcassets */; };
		811CEE172ABEBD8700A0C1FB /* Preview Assets.xcassets in Resources */ = {isa = PBXBuildFile; fileRef = 811CEE162ABEBD8700A0C1FB /* Preview Assets.xcassets */; };
		811CEE212ABEBD8700A0C1FB /* myExpensesTests.swift in Sources */ = {isa = PBXBuildFile; fileRef = 811CEE202ABEBD8700A0C1FB /* myExpensesTests.swift */; };
		811CEE2B2ABEBD8700A0C1FB /* myExpensesUITests.swift in Sources */ = {isa = PBXBuildFile; fileRef = 811CEE2A2ABEBD8700A0C1FB /* myExpensesUITests.swift */; };
		811CEE2D2ABEBD8700A0C1FB /* myExpensesUITestsLaunchTests.swift in Sources */ = {isa = PBXBuildFile; fileRef = 811CEE2C2ABEBD8700A0C1FB /* myExpensesUITestsLaunchTests.swift */; };
		811CEE3D2ABEC68000A0C1FB /* Home.swift in Sources */ = {isa = PBXBuildFile; fileRef = 811CEE3C2ABEC68000A0C1FB /* Home.swift */; };
		811CEE3F2ABEC6B400A0C1FB /* Expense.swift in Sources */ = {isa = PBXBuildFile; fileRef = 811CEE3E2ABEC6B400A0C1FB /* Expense.swift */; };
		811CEE412ABEC9CF00A0C1FB /* ExpenseViewModel.swift in Sources */ = {isa = PBXBuildFile; fileRef = 811CEE402ABEC9CF00A0C1FB /* ExpenseViewModel.swift */; };
		811CEE432ABEDD9700A0C1FB /* TransactionCardView.swift in Sources */ = {isa = PBXBuildFile; fileRef = 811CEE422ABEDD9700A0C1FB /* TransactionCardView.swift */; };
		811CEE472ABEF5A900A0C1FB /* ExpenseCard.swift in Sources */ = {isa = PBXBuildFile; fileRef = 811CEE462ABEF5A900A0C1FB /* ExpenseCard.swift */; };
		811CEE492ABF0D7400A0C1FB /* FilteredDetailView.swift in Sources */ = {isa = PBXBuildFile; fileRef = 811CEE482ABF0D7400A0C1FB /* FilteredDetailView.swift */; };
		811CEE4B2ABF105900A0C1FB /* NewExpense.swift in Sources */ = {isa = PBXBuildFile; fileRef = 811CEE4A2ABF105900A0C1FB /* NewExpense.swift */; };
/* End PBXBuildFile section */

/* Begin PBXContainerItemProxy section */
		811CEE1D2ABEBD8700A0C1FB /* PBXContainerItemProxy */ = {
			isa = PBXContainerItemProxy;
			containerPortal = 811CEE042ABEBD8400A0C1FB /* Project object */;
			proxyType = 1;
			remoteGlobalIDString = 811CEE0B2ABEBD8400A0C1FB;
			remoteInfo = myExpenses;
		};
		811CEE272ABEBD8700A0C1FB /* PBXContainerItemProxy */ = {
			isa = PBXContainerItemProxy;
			containerPortal = 811CEE042ABEBD8400A0C1FB /* Project object */;
			proxyType = 1;
			remoteGlobalIDString = 811CEE0B2ABEBD8400A0C1FB;
			remoteInfo = myExpenses;
		};
/* End PBXContainerItemProxy section */

/* Begin PBXFileReference section */
		811CEE0C2ABEBD8400A0C1FB /* myExpenses.app */ = {isa = PBXFileReference; explicitFileType = wrapper.application; includeInIndex = 0; path = myExpenses.app; sourceTree = BUILT_PRODUCTS_DIR; };
		811CEE0F2ABEBD8400A0C1FB /* myExpensesApp.swift */ = {isa = PBXFileReference; lastKnownFileType = sourcecode.swift; path = myExpensesApp.swift; sourceTree = "<group>"; };
		811CEE112ABEBD8400A0C1FB /* ContentView.swift */ = {isa = PBXFileReference; lastKnownFileType = sourcecode.swift; path = ContentView.swift; sourceTree = "<group>"; };
		811CEE132ABEBD8700A0C1FB /* Assets.xcassets */ = {isa = PBXFileReference; lastKnownFileType = folder.assetcatalog; path = Assets.xcassets; sourceTree = "<group>"; };
		811CEE162ABEBD8700A0C1FB /* Preview Assets.xcassets */ = {isa = PBXFileReference; lastKnownFileType = folder.assetcatalog; path = "Preview Assets.xcassets"; sourceTree = "<group>"; };
		811CEE1C2ABEBD8700A0C1FB /* myExpensesTests.xctest */ = {isa = PBXFileReference; explicitFileType = wrapper.cfbundle; includeInIndex = 0; path = myExpensesTests.xctest; sourceTree = BUILT_PRODUCTS_DIR; };
		811CEE202ABEBD8700A0C1FB /* myExpensesTests.swift */ = {isa = PBXFileReference; lastKnownFileType = sourcecode.swift; path = myExpensesTests.swift; sourceTree = "<group>"; };
		811CEE262ABEBD8700A0C1FB /* myExpensesUITests.xctest */ = {isa = PBXFileReference; explicitFileType = wrapper.cfbundle; includeInIndex = 0; path = myExpensesUITests.xctest; sourceTree = BUILT_PRODUCTS_DIR; };
		811CEE2A2ABEBD8700A0C1FB /* myExpensesUITests.swift */ = {isa = PBXFileReference; lastKnownFileType = sourcecode.swift; path = myExpensesUITests.swift; sourceTree = "<group>"; };
		811CEE2C2ABEBD8700A0C1FB /* myExpensesUITestsLaunchTests.swift */ = {isa = PBXFileReference; lastKnownFileType = sourcecode.swift; path = myExpensesUITestsLaunchTests.swift; sourceTree = "<group>"; };
		811CEE3C2ABEC68000A0C1FB /* Home.swift */ = {isa = PBXFileReference; lastKnownFileType = sourcecode.swift; path = Home.swift; sourceTree = "<group>"; };
		811CEE3E2ABEC6B400A0C1FB /* Expense.swift */ = {isa = PBXFileReference; lastKnownFileType = sourcecode.swift; path = Expense.swift; sourceTree = "<group>"; };
		811CEE402ABEC9CF00A0C1FB /* ExpenseViewModel.swift */ = {isa = PBXFileReference; lastKnownFileType = sourcecode.swift; path = ExpenseViewModel.swift; sourceTree = "<group>"; };
		811CEE422ABEDD9700A0C1FB /* TransactionCardView.swift */ = {isa = PBXFileReference; lastKnownFileType = sourcecode.swift; path = TransactionCardView.swift; sourceTree = "<group>"; };
		811CEE462ABEF5A900A0C1FB /* ExpenseCard.swift */ = {isa = PBXFileReference; lastKnownFileType = sourcecode.swift; path = ExpenseCard.swift; sourceTree = "<group>"; };
		811CEE482ABF0D7400A0C1FB /* FilteredDetailView.swift */ = {isa = PBXFileReference; lastKnownFileType = sourcecode.swift; path = FilteredDetailView.swift; sourceTree = "<group>"; };
		811CEE4A2ABF105900A0C1FB /* NewExpense.swift */ = {isa = PBXFileReference; lastKnownFileType = sourcecode.swift; path = NewExpense.swift; sourceTree = "<group>"; };
/* End PBXFileReference section */

/* Begin PBXFrameworksBuildPhase section */
		811CEE092ABEBD8400A0C1FB /* Frameworks */ = {
			isa = PBXFrameworksBuildPhase;
			buildActionMask = 2147483647;
			files = (
			);
			runOnlyForDeploymentPostprocessing = 0;
		};
		811CEE192ABEBD8700A0C1FB /* Frameworks */ = {
			isa = PBXFrameworksBuildPhase;
			buildActionMask = 2147483647;
			files = (
			);
			runOnlyForDeploymentPostprocessing = 0;
		};
		811CEE232ABEBD8700A0C1FB /* Frameworks */ = {
			isa = PBXFrameworksBuildPhase;
			buildActionMask = 2147483647;
			files = (
			);
			runOnlyForDeploymentPostprocessing = 0;
		};
/* End PBXFrameworksBuildPhase section */

/* Begin PBXGroup section */
		811CEE032ABEBD8400A0C1FB = {
			isa = PBXGroup;
			children = (
				811CEE0E2ABEBD8400A0C1FB /* myExpenses */,
				811CEE1F2ABEBD8700A0C1FB /* myExpensesTests */,
				811CEE292ABEBD8700A0C1FB /* myExpensesUITests */,
				811CEE0D2ABEBD8400A0C1FB /* Products */,
			);
			sourceTree = "<group>";
		};
		811CEE0D2ABEBD8400A0C1FB /* Products */ = {
			isa = PBXGroup;
			children = (
				811CEE0C2ABEBD8400A0C1FB /* myExpenses.app */,
				811CEE1C2ABEBD8700A0C1FB /* myExpensesTests.xctest */,
				811CEE262ABEBD8700A0C1FB /* myExpensesUITests.xctest */,
			);
			name = Products;
			sourceTree = "<group>";
		};
		811CEE0E2ABEBD8400A0C1FB /* myExpenses */ = {
			isa = PBXGroup;
			children = (
				811CEE3B2ABEC65B00A0C1FB /* ViewModel */,
				811CEE3A2ABEC65000A0C1FB /* Model */,
				811CEE392ABEC64500A0C1FB /* View */,
				811CEE0F2ABEBD8400A0C1FB /* myExpensesApp.swift */,
				811CEE112ABEBD8400A0C1FB /* ContentView.swift */,
				811CEE132ABEBD8700A0C1FB /* Assets.xcassets */,
				811CEE152ABEBD8700A0C1FB /* Preview Content */,
			);
			path = myExpenses;
			sourceTree = "<group>";
		};
		811CEE152ABEBD8700A0C1FB /* Preview Content */ = {
			isa = PBXGroup;
			children = (
				811CEE162ABEBD8700A0C1FB /* Preview Assets.xcassets */,
			);
			path = "Preview Content";
			sourceTree = "<group>";
		};
		811CEE1F2ABEBD8700A0C1FB /* myExpensesTests */ = {
			isa = PBXGroup;
			children = (
				811CEE202ABEBD8700A0C1FB /* myExpensesTests.swift */,
			);
			path = myExpensesTests;
			sourceTree = "<group>";
		};
		811CEE292ABEBD8700A0C1FB /* myExpensesUITests */ = {
			isa = PBXGroup;
			children = (
				811CEE2A2ABEBD8700A0C1FB /* myExpensesUITests.swift */,
				811CEE2C2ABEBD8700A0C1FB /* myExpensesUITestsLaunchTests.swift */,
			);
			path = myExpensesUITests;
			sourceTree = "<group>";
		};
		811CEE392ABEC64500A0C1FB /* View */ = {
			isa = PBXGroup;
			children = (
				811CEE3C2ABEC68000A0C1FB /* Home.swift */,
				811CEE422ABEDD9700A0C1FB /* TransactionCardView.swift */,
				811CEE462ABEF5A900A0C1FB /* ExpenseCard.swift */,
				811CEE482ABF0D7400A0C1FB /* FilteredDetailView.swift */,
				811CEE4A2ABF105900A0C1FB /* NewExpense.swift */,
			);
			path = View;
			sourceTree = "<group>";
		};
		811CEE3A2ABEC65000A0C1FB /* Model */ = {
			isa = PBXGroup;
			children = (
				811CEE3E2ABEC6B400A0C1FB /* Expense.swift */,
			);
			path = Model;
			sourceTree = "<group>";
		};
		811CEE3B2ABEC65B00A0C1FB /* ViewModel */ = {
			isa = PBXGroup;
			children = (
				811CEE402ABEC9CF00A0C1FB /* ExpenseViewModel.swift */,
			);
			path = ViewModel;
			sourceTree = "<group>";
		};
/* End PBXGroup section */

/* Begin PBXNativeTarget section */
		811CEE0B2ABEBD8400A0C1FB /* myExpenses */ = {
			isa = PBXNativeTarget;
			buildConfigurationList = 811CEE302ABEBD8700A0C1FB /* Build configuration list for PBXNativeTarget "myExpenses" */;
			buildPhases = (
				811CEE082ABEBD8400A0C1FB /* Sources */,
				811CEE092ABEBD8400A0C1FB /* Frameworks */,
				811CEE0A2ABEBD8400A0C1FB /* Resources */,
			);
			buildRules = (
			);
			dependencies = (
			);
			name = myExpenses;
			productName = myExpenses;
			productReference = 811CEE0C2ABEBD8400A0C1FB /* myExpenses.app */;
			productType = "com.apple.product-type.application";
		};
		811CEE1B2ABEBD8700A0C1FB /* myExpensesTests */ = {
			isa = PBXNativeTarget;
			buildConfigurationList = 811CEE332ABEBD8700A0C1FB /* Build configuration list for PBXNativeTarget "myExpensesTests" */;
			buildPhases = (
				811CEE182ABEBD8700A0C1FB /* Sources */,
				811CEE192ABEBD8700A0C1FB /* Frameworks */,
				811CEE1A2ABEBD8700A0C1FB /* Resources */,
			);
			buildRules = (
			);
			dependencies = (
				811CEE1E2ABEBD8700A0C1FB /* PBXTargetDependency */,
			);
			name = myExpensesTests;
			productName = myExpensesTests;
			productReference = 811CEE1C2ABEBD8700A0C1FB /* myExpensesTests.xctest */;
			productType = "com.apple.product-type.bundle.unit-test";
		};
		811CEE252ABEBD8700A0C1FB /* myExpensesUITests */ = {
			isa = PBXNativeTarget;
			buildConfigurationList = 811CEE362ABEBD8700A0C1FB /* Build configuration list for PBXNativeTarget "myExpensesUITests" */;
			buildPhases = (
				811CEE222ABEBD8700A0C1FB /* Sources */,
				811CEE232ABEBD8700A0C1FB /* Frameworks */,
				811CEE242ABEBD8700A0C1FB /* Resources */,
			);
			buildRules = (
			);
			dependencies = (
				811CEE282ABEBD8700A0C1FB /* PBXTargetDependency */,
			);
			name = myExpensesUITests;
			productName = myExpensesUITests;
			productReference = 811CEE262ABEBD8700A0C1FB /* myExpensesUITests.xctest */;
			productType = "com.apple.product-type.bundle.ui-testing";
		};
/* End PBXNativeTarget section */

/* Begin PBXProject section */
		811CEE042ABEBD8400A0C1FB /* Project object */ = {
			isa = PBXProject;
			attributes = {
				BuildIndependentTargetsInParallel = 1;
				LastSwiftUpdateCheck = 1320;
				LastUpgradeCheck = 1320;
				TargetAttributes = {
					811CEE0B2ABEBD8400A0C1FB = {
						CreatedOnToolsVersion = 13.2.1;
					};
					811CEE1B2ABEBD8700A0C1FB = {
						CreatedOnToolsVersion = 13.2.1;
						TestTargetID = 811CEE0B2ABEBD8400A0C1FB;
					};
					811CEE252ABEBD8700A0C1FB = {
						CreatedOnToolsVersion = 13.2.1;
						TestTargetID = 811CEE0B2ABEBD8400A0C1FB;
					};
				};
			};
			buildConfigurationList = 811CEE072ABEBD8400A0C1FB /* Build configuration list for PBXProject "myExpenses" */;
			compatibilityVersion = "Xcode 13.0";
			developmentRegion = en;
			hasScannedForEncodings = 0;
			knownRegions = (
				en,
				Base,
			);
			mainGroup = 811CEE032ABEBD8400A0C1FB;
			productRefGroup = 811CEE0D2ABEBD8400A0C1FB /* Products */;
			projectDirPath = "";
			projectRoot = "";
			targets = (
				811CEE0B2ABEBD8400A0C1FB /* myExpenses */,
				811CEE1B2ABEBD8700A0C1FB /* myExpensesTests */,
				811CEE252ABEBD8700A0C1FB /* myExpensesUITests */,
			);
		};
/* End PBXProject section */

/* Begin PBXResourcesBuildPhase section */
		811CEE0A2ABEBD8400A0C1FB /* Resources */ = {
			isa = PBXResourcesBuildPhase;
			buildActionMask = 2147483647;
			files = (
				811CEE172ABEBD8700A0C1FB /* Preview Assets.xcassets in Resources */,
				811CEE142ABEBD8700A0C1FB /* Assets.xcassets in Resources */,
			);
			runOnlyForDeploymentPostprocessing = 0;
		};
		811CEE1A2ABEBD8700A0C1FB /* Resources */ = {
			isa = PBXResourcesBuildPhase;
			buildActionMask = 2147483647;
			files = (
			);
			runOnlyForDeploymentPostprocessing = 0;
		};
		811CEE242ABEBD8700A0C1FB /* Resources */ = {
			isa = PBXResourcesBuildPhase;
			buildActionMask = 2147483647;
			files = (
			);
			runOnlyForDeploymentPostprocessing = 0;
		};
/* End PBXResourcesBuildPhase section */

/* Begin PBXSourcesBuildPhase section */
		811CEE082ABEBD8400A0C1FB /* Sources */ = {
			isa = PBXSourcesBuildPhase;
			buildActionMask = 2147483647;
			files = (
				811CEE492ABF0D7400A0C1FB /* FilteredDetailView.swift in Sources */,
				811CEE3F2ABEC6B400A0C1FB /* Expense.swift in Sources */,
				811CEE122ABEBD8400A0C1FB /* ContentView.swift in Sources */,
				811CEE4B2ABF105900A0C1FB /* NewExpense.swift in Sources */,
				811CEE3D2ABEC68000A0C1FB /* Home.swift in Sources */,
				811CEE412ABEC9CF00A0C1FB /* ExpenseViewModel.swift in Sources */,
				811CEE102ABEBD8400A0C1FB /* myExpensesApp.swift in Sources */,
				811CEE472ABEF5A900A0C1FB /* ExpenseCard.swift in Sources */,
				811CEE432ABEDD9700A0C1FB /* TransactionCardView.swift in Sources */,
			);
			runOnlyForDeploymentPostprocessing = 0;
		};
		811CEE182ABEBD8700A0C1FB /* Sources */ = {
			isa = PBXSourcesBuildPhase;
			buildActionMask = 2147483647;
			files = (
				811CEE212ABEBD8700A0C1FB /* myExpensesTests.swift in Sources */,
			);
			runOnlyForDeploymentPostprocessing = 0;
		};
		811CEE222ABEBD8700A0C1FB /* Sources */ = {
			isa = PBXSourcesBuildPhase;
			buildActionMask = 2147483647;
			files = (
				811CEE2B2ABEBD8700A0C1FB /* myExpensesUITests.swift in Sources */,
				811CEE2D2ABEBD8700A0C1FB /* myExpensesUITestsLaunchTests.swift in Sources */,
			);
			runOnlyForDeploymentPostprocessing = 0;
		};
/* End PBXSourcesBuildPhase section */

/* Begin PBXTargetDependency section */
		811CEE1E2ABEBD8700A0C1FB /* PBXTargetDependency */ = {
			isa = PBXTargetDependency;
			target = 811CEE0B2ABEBD8400A0C1FB /* myExpenses */;
			targetProxy = 811CEE1D2ABEBD8700A0C1FB /* PBXContainerItemProxy */;
		};
		811CEE282ABEBD8700A0C1FB /* PBXTargetDependency */ = {
			isa = PBXTargetDependency;
			target = 811CEE0B2ABEBD8400A0C1FB /* myExpenses */;
			targetProxy = 811CEE272ABEBD8700A0C1FB /* PBXContainerItemProxy */;
		};
/* End PBXTargetDependency section */

/* Begin XCBuildConfiguration section */
		811CEE2E2ABEBD8700A0C1FB /* Debug */ = {
			isa = XCBuildConfiguration;
			buildSettings = {
				ALWAYS_SEARCH_USER_PATHS = NO;
				CLANG_ANALYZER_NONNULL = YES;
				CLANG_ANALYZER_NUMBER_OBJECT_CONVERSION = YES_AGGRESSIVE;
				CLANG_CXX_LANGUAGE_STANDARD = "gnu++17";
				CLANG_CXX_LIBRARY = "libc++";
				CLANG_ENABLE_MODULES = YES;
				CLANG_ENABLE_OBJC_ARC = YES;
				CLANG_ENABLE_OBJC_WEAK = YES;
				CLANG_WARN_BLOCK_CAPTURE_AUTORELEASING = YES;
				CLANG_WARN_BOOL_CONVERSION = YES;
				CLANG_WARN_COMMA = YES;
				CLANG_WARN_CONSTANT_CONVERSION = YES;
				CLANG_WARN_DEPRECATED_OBJC_IMPLEMENTATIONS = YES;
				CLANG_WARN_DIRECT_OBJC_ISA_USAGE = YES_ERROR;
				CLANG_WARN_DOCUMENTATION_COMMENTS = YES;
				CLANG_WARN_EMPTY_BODY = YES;
				CLANG_WARN_ENUM_CONVERSION = YES;
				CLANG_WARN_INFINITE_RECURSION = YES;
				CLANG_WARN_INT_CONVERSION = YES;
				CLANG_WARN_NON_LITERAL_NULL_CONVERSION = YES;
				CLANG_WARN_OBJC_IMPLICIT_RETAIN_SELF = YES;
				CLANG_WARN_OBJC_LITERAL_CONVERSION = YES;
				CLANG_WARN_OBJC_ROOT_CLASS = YES_ERROR;
				CLANG_WARN_QUOTED_INCLUDE_IN_FRAMEWORK_HEADER = YES;
				CLANG_WARN_RANGE_LOOP_ANALYSIS = YES;
				CLANG_WARN_STRICT_PROTOTYPES = YES;
				CLANG_WARN_SUSPICIOUS_MOVE = YES;
				CLANG_WARN_UNGUARDED_AVAILABILITY = YES_AGGRESSIVE;
				CLANG_WARN_UNREACHABLE_CODE = YES;
				CLANG_WARN__DUPLICATE_METHOD_MATCH = YES;
				COPY_PHASE_STRIP = NO;
				DEBUG_INFORMATION_FORMAT = dwarf;
				ENABLE_STRICT_OBJC_MSGSEND = YES;
				ENABLE_TESTABILITY = YES;
				GCC_C_LANGUAGE_STANDARD = gnu11;
				GCC_DYNAMIC_NO_PIC = NO;
				GCC_NO_COMMON_BLOCKS = YES;
				GCC_OPTIMIZATION_LEVEL = 0;
				GCC_PREPROCESSOR_DEFINITIONS = (
					"DEBUG=1",
					"$(inherited)",
				);
				GCC_WARN_64_TO_32_BIT_CONVERSION = YES;
				GCC_WARN_ABOUT_RETURN_TYPE = YES_ERROR;
				GCC_WARN_UNDECLARED_SELECTOR = YES;
				GCC_WARN_UNINITIALIZED_AUTOS = YES_AGGRESSIVE;
				GCC_WARN_UNUSED_FUNCTION = YES;
				GCC_WARN_UNUSED_VARIABLE = YES;
				IPHONEOS_DEPLOYMENT_TARGET = 15.2;
				MTL_ENABLE_DEBUG_INFO = INCLUDE_SOURCE;
				MTL_FAST_MATH = YES;
				ONLY_ACTIVE_ARCH = YES;
				SDKROOT = iphoneos;
				SWIFT_ACTIVE_COMPILATION_CONDITIONS = DEBUG;
				SWIFT_OPTIMIZATION_LEVEL = "-Onone";
			};
			name = Debug;
		};
		811CEE2F2ABEBD8700A0C1FB /* Release */ = {
			isa = XCBuildConfiguration;
			buildSettings = {
				ALWAYS_SEARCH_USER_PATHS = NO;
				CLANG_ANALYZER_NONNULL = YES;
				CLANG_ANALYZER_NUMBER_OBJECT_CONVERSION = YES_AGGRESSIVE;
				CLANG_CXX_LANGUAGE_STANDARD = "gnu++17";
				CLANG_CXX_LIBRARY = "libc++";
				CLANG_ENABLE_MODULES = YES;
				CLANG_ENABLE_OBJC_ARC = YES;
				CLANG_ENABLE_OBJC_WEAK = YES;
				CLANG_WARN_BLOCK_CAPTURE_AUTORELEASING = YES;
				CLANG_WARN_BOOL_CONVERSION = YES;
				CLANG_WARN_COMMA = YES;
				CLANG_WARN_CONSTANT_CONVERSION = YES;
				CLANG_WARN_DEPRECATED_OBJC_IMPLEMENTATIONS = YES;
				CLANG_WARN_DIRECT_OBJC_ISA_USAGE = YES_ERROR;
				CLANG_WARN_DOCUMENTATION_COMMENTS = YES;
				CLANG_WARN_EMPTY_BODY = YES;
				CLANG_WARN_ENUM_CONVERSION = YES;
				CLANG_WARN_INFINITE_RECURSION = YES;
				CLANG_WARN_INT_CONVERSION = YES;
				CLANG_WARN_NON_LITERAL_NULL_CONVERSION = YES;
				CLANG_WARN_OBJC_IMPLICIT_RETAIN_SELF = YES;
				CLANG_WARN_OBJC_LITERAL_CONVERSION = YES;
				CLANG_WARN_OBJC_ROOT_CLASS = YES_ERROR;
				CLANG_WARN_QUOTED_INCLUDE_IN_FRAMEWORK_HEADER = YES;
				CLANG_WARN_RANGE_LOOP_ANALYSIS = YES;
				CLANG_WARN_STRICT_PROTOTYPES = YES;
				CLANG_WARN_SUSPICIOUS_MOVE = YES;
				CLANG_WARN_UNGUARDED_AVAILABILITY = YES_AGGRESSIVE;
				CLANG_WARN_UNREACHABLE_CODE = YES;
				CLANG_WARN__DUPLICATE_METHOD_MATCH = YES;
				COPY_PHASE_STRIP = NO;
				DEBUG_INFORMATION_FORMAT = "dwarf-with-dsym";
				ENABLE_NS_ASSERTIONS = NO;
				ENABLE_STRICT_OBJC_MSGSEND = YES;
				GCC_C_LANGUAGE_STANDARD = gnu11;
				GCC_NO_COMMON_BLOCKS = YES;
				GCC_WARN_64_TO_32_BIT_CONVERSION = YES;
				GCC_WARN_ABOUT_RETURN_TYPE = YES_ERROR;
				GCC_WARN_UNDECLARED_SELECTOR = YES;
				GCC_WARN_UNINITIALIZED_AUTOS = YES_AGGRESSIVE;
				GCC_WARN_UNUSED_FUNCTION = YES;
				GCC_WARN_UNUSED_VARIABLE = YES;
				IPHONEOS_DEPLOYMENT_TARGET = 15.2;
				MTL_ENABLE_DEBUG_INFO = NO;
				MTL_FAST_MATH = YES;
				SDKROOT = iphoneos;
				SWIFT_COMPILATION_MODE = wholemodule;
				SWIFT_OPTIMIZATION_LEVEL = "-O";
				VALIDATE_PRODUCT = YES;
			};
			name = Release;
		};
		811CEE312ABEBD8700A0C1FB /* Debug */ = {
			isa = XCBuildConfiguration;
			buildSettings = {
				ASSETCATALOG_COMPILER_APPICON_NAME = AppIcon;
				ASSETCATALOG_COMPILER_GLOBAL_ACCENT_COLOR_NAME = AccentColor;
				CODE_SIGN_STYLE = Automatic;
				CURRENT_PROJECT_VERSION = 1;
				DEVELOPMENT_ASSET_PATHS = "\"myExpenses/Preview Content\"";
				DEVELOPMENT_TEAM = 3385CUTF47;
				ENABLE_PREVIEWS = YES;
				GENERATE_INFOPLIST_FILE = YES;
				INFOPLIST_KEY_UIApplicationSceneManifest_Generation = YES;
				INFOPLIST_KEY_UIApplicationSupportsIndirectInputEvents = YES;
				INFOPLIST_KEY_UILaunchScreen_Generation = YES;
				INFOPLIST_KEY_UISupportedInterfaceOrientations_iPad = "UIInterfaceOrientationPortrait UIInterfaceOrientationPortraitUpsideDown UIInterfaceOrientationLandscapeLeft UIInterfaceOrientationLandscapeRight";
				INFOPLIST_KEY_UISupportedInterfaceOrientations_iPhone = "UIInterfaceOrientationPortrait UIInterfaceOrientationLandscapeLeft UIInterfaceOrientationLandscapeRight";
				LD_RUNPATH_SEARCH_PATHS = (
					"$(inherited)",
					"@executable_path/Frameworks",
				);
				MARKETING_VERSION = 1.0;
				PRODUCT_BUNDLE_IDENTIFIER = com.nibm.myExpenses;
				PRODUCT_NAME = "$(TARGET_NAME)";
				SWIFT_EMIT_LOC_STRINGS = YES;
				SWIFT_VERSION = 5.0;
				TARGETED_DEVICE_FAMILY = "1,2";
			};
			name = Debug;
		};
		811CEE322ABEBD8700A0C1FB /* Release */ = {
			isa = XCBuildConfiguration;
			buildSettings = {
				ASSETCATALOG_COMPILER_APPICON_NAME = AppIcon;
				ASSETCATALOG_COMPILER_GLOBAL_ACCENT_COLOR_NAME = AccentColor;
				CODE_SIGN_STYLE = Automatic;
				CURRENT_PROJECT_VERSION = 1;
				DEVELOPMENT_ASSET_PATHS = "\"myExpenses/Preview Content\"";
				DEVELOPMENT_TEAM = 3385CUTF47;
				ENABLE_PREVIEWS = YES;
				GENERATE_INFOPLIST_FILE = YES;
				INFOPLIST_KEY_UIApplicationSceneManifest_Generation = YES;
				INFOPLIST_KEY_UIApplicationSupportsIndirectInputEvents = YES;
				INFOPLIST_KEY_UILaunchScreen_Generation = YES;
				INFOPLIST_KEY_UISupportedInterfaceOrientations_iPad = "UIInterfaceOrientationPortrait UIInterfaceOrientationPortraitUpsideDown UIInterfaceOrientationLandscapeLeft UIInterfaceOrientationLandscapeRight";
				INFOPLIST_KEY_UISupportedInterfaceOrientations_iPhone = "UIInterfaceOrientationPortrait UIInterfaceOrientationLandscapeLeft UIInterfaceOrientationLandscapeRight";
				LD_RUNPATH_SEARCH_PATHS = (
					"$(inherited)",
					"@executable_path/Frameworks",
				);
				MARKETING_VERSION = 1.0;
				PRODUCT_BUNDLE_IDENTIFIER = com.nibm.myExpenses;
				PRODUCT_NAME = "$(TARGET_NAME)";
				SWIFT_EMIT_LOC_STRINGS = YES;
				SWIFT_VERSION = 5.0;
				TARGETED_DEVICE_FAMILY = "1,2";
			};
			name = Release;
		};
		811CEE342ABEBD8700A0C1FB /* Debug */ = {
			isa = XCBuildConfiguration;
			buildSettings = {
				ALWAYS_EMBED_SWIFT_STANDARD_LIBRARIES = YES;
				BUNDLE_LOADER = "$(TEST_HOST)";
				CODE_SIGN_STYLE = Automatic;
				CURRENT_PROJECT_VERSION = 1;
				DEVELOPMENT_TEAM = 3385CUTF47;
				GENERATE_INFOPLIST_FILE = YES;
				IPHONEOS_DEPLOYMENT_TARGET = 15.2;
				MARKETING_VERSION = 1.0;
				PRODUCT_BUNDLE_IDENTIFIER = com.nibm.myExpensesTests;
				PRODUCT_NAME = "$(TARGET_NAME)";
				SWIFT_EMIT_LOC_STRINGS = NO;
				SWIFT_VERSION = 5.0;
				TARGETED_DEVICE_FAMILY = "1,2";
				TEST_HOST = "$(BUILT_PRODUCTS_DIR)/myExpenses.app/myExpenses";
			};
			name = Debug;
		};
		811CEE352ABEBD8700A0C1FB /* Release */ = {
			isa = XCBuildConfiguration;
			buildSettings = {
				ALWAYS_EMBED_SWIFT_STANDARD_LIBRARIES = YES;
				BUNDLE_LOADER = "$(TEST_HOST)";
				CODE_SIGN_STYLE = Automatic;
				CURRENT_PROJECT_VERSION = 1;
				DEVELOPMENT_TEAM = 3385CUTF47;
				GENERATE_INFOPLIST_FILE = YES;
				IPHONEOS_DEPLOYMENT_TARGET = 15.2;
				MARKETING_VERSION = 1.0;
				PRODUCT_BUNDLE_IDENTIFIER = com.nibm.myExpensesTests;
				PRODUCT_NAME = "$(TARGET_NAME)";
				SWIFT_EMIT_LOC_STRINGS = NO;
				SWIFT_VERSION = 5.0;
				TARGETED_DEVICE_FAMILY = "1,2";
				TEST_HOST = "$(BUILT_PRODUCTS_DIR)/myExpenses.app/myExpenses";
			};
			name = Release;
		};
		811CEE372ABEBD8700A0C1FB /* Debug */ = {
			isa = XCBuildConfiguration;
			buildSettings = {
				ALWAYS_EMBED_SWIFT_STANDARD_LIBRARIES = YES;
				CODE_SIGN_STYLE = Automatic;
				CURRENT_PROJECT_VERSION = 1;
				DEVELOPMENT_TEAM = 3385CUTF47;
				GENERATE_INFOPLIST_FILE = YES;
				MARKETING_VERSION = 1.0;
				PRODUCT_BUNDLE_IDENTIFIER = com.nibm.myExpensesUITests;
				PRODUCT_NAME = "$(TARGET_NAME)";
				SWIFT_EMIT_LOC_STRINGS = NO;
				SWIFT_VERSION = 5.0;
				TARGETED_DEVICE_FAMILY = "1,2";
				TEST_TARGET_NAME = myExpenses;
			};
			name = Debug;
		};
		811CEE382ABEBD8700A0C1FB /* Release */ = {
			isa = XCBuildConfiguration;
			buildSettings = {
				ALWAYS_EMBED_SWIFT_STANDARD_LIBRARIES = YES;
				CODE_SIGN_STYLE = Automatic;
				CURRENT_PROJECT_VERSION = 1;
				DEVELOPMENT_TEAM = 3385CUTF47;
				GENERATE_INFOPLIST_FILE = YES;
				MARKETING_VERSION = 1.0;
				PRODUCT_BUNDLE_IDENTIFIER = com.nibm.myExpensesUITests;
				PRODUCT_NAME = "$(TARGET_NAME)";
				SWIFT_EMIT_LOC_STRINGS = NO;
				SWIFT_VERSION = 5.0;
				TARGETED_DEVICE_FAMILY = "1,2";
				TEST_TARGET_NAME = myExpenses;
			};
			name = Release;
		};
/* End XCBuildConfiguration section */

/* Begin XCConfigurationList section */
		811CEE072ABEBD8400A0C1FB /* Build configuration list for PBXProject "myExpenses" */ = {
			isa = XCConfigurationList;
			buildConfigurations = (
				811CEE2E2ABEBD8700A0C1FB /* Debug */,
				811CEE2F2ABEBD8700A0C1FB /* Release */,
			);
			defaultConfigurationIsVisible = 0;
			defaultConfigurationName = Release;
		};
		811CEE302ABEBD8700A0C1FB /* Build configuration list for PBXNativeTarget "myExpenses" */ = {
			isa = XCConfigurationList;
			buildConfigurations = (
				811CEE312ABEBD8700A0C1FB /* Debug */,
				811CEE322ABEBD8700A0C1FB /* Release */,
			);
			defaultConfigurationIsVisible = 0;
			defaultConfigurationName = Release;
		};
		811CEE332ABEBD8700A0C1FB /* Build configuration list for PBXNativeTarget "myExpensesTests" */ = {
			isa = XCConfigurationList;
			buildConfigurations = (
				811CEE342ABEBD8700A0C1FB /* Debug */,
				811CEE352ABEBD8700A0C1FB /* Release */,
			);
			defaultConfigurationIsVisible = 0;
			defaultConfigurationName = Release;
		};
		811CEE362ABEBD8700A0C1FB /* Build configuration list for PBXNativeTarget "myExpensesUITests" */ = {
			isa = XCConfigurationList;
			buildConfigurations = (
				811CEE372ABEBD8700A0C1FB /* Debug */,
				811CEE382ABEBD8700A0C1FB /* Release */,
			);
			defaultConfigurationIsVisible = 0;
			defaultConfigurationName = Release;
		};
/* End XCConfigurationList section */
	};
	rootObject = 811CEE042ABEBD8400A0C1FB /* Project object */;
}
